
Microsoft Visual Studio Solution File, Format Version 12.00
# Visual Studio 15
Project("{FAE04EC0-301F-11D3-BF4B-00C04F79EFBC}") = "UnityEngine.TestRunner", "UnityEngine.TestRunner.csproj", "{67B2E524-9DBF-E42B-F137-C408B8DC7F40}"
EndProject
Project("{FAE04EC0-301F-11D3-BF4B-00C04F79EFBC}") = "Unity.Mathematics", "Unity.Mathematics.csproj", "{A9201F61-B8DB-1417-922E-E78EC228AB86}"
EndProject
Project("{FAE04EC0-301F-11D3-BF4B-00C04F79EFBC}") = "Unity.2D.Animation.Triangle.Runtime", "Unity.2D.Animation.Triangle.Runtime.csproj", "{574B8C51-446E-AB0E-6E8A-333683D3C678}"
EndProject
Project("{FAE04EC0-301F-11D3-BF4B-00C04F79EFBC}") = "Unity.Timeline", "Unity.Timeline.csproj", "{9C0DE923-B783-FFBD-2B39-35A892DBCDB3}"
EndProject
Project("{FAE04EC0-301F-11D3-BF4B-00C04F79EFBC}") = "UnityEngine.UI", "UnityEngine.UI.csproj", "{A82608A0-2551-2F0A-DFE6-0856F3FD1FB5}"
EndProject
Project("{FAE04EC0-301F-11D3-BF4B-00C04F79EFBC}") = "Unity.TextMeshPro", "Unity.TextMeshPro.csproj", "{91D110D7-545F-84D1-1809-6911C00AC16F}"
EndProject
Project("{FAE04EC0-301F-11D3-BF4B-00C04F79EFBC}") = "Unity.2D.Animation.Runtime", "Unity.2D.Animation.Runtime.csproj", "{32B076E8-B19A-473A-03AB-59BBC31A06A9}"
EndProject
Project("{FAE04EC0-301F-11D3-BF4B-00C04F79EFBC}") = "Unity.2D.IK.Runtime", "Unity.2D.IK.Runtime.csproj", "{A8A9882F-8515-18C2-63B0-173F2CFA63D7}"
EndProject
Project("{FAE04EC0-301F-11D3-BF4B-00C04F79EFBC}") = "Unity.2D.SpriteShape.Runtime", "Unity.2D.SpriteShape.Runtime.csproj", "{FB6072B4-81DE-0708-AC06-3B618362CDB5}"
EndProject
Project("{FAE04EC0-301F-11D3-BF4B-00C04F79EFBC}") = "Unity.2D.PixelPerfect", "Unity.2D.PixelPerfect.csproj", "{AEA1F1BC-73C8-4A1C-9EBC-C5855CD2A681}"
EndProject
Project("{FAE04EC0-301F-11D3-BF4B-00C04F79EFBC}") = "Unity.2D.Common.Runtime", "Unity.2D.Common.Runtime.csproj", "{834690B9-1307-E66C-195C-6A13646EDA29}"
EndProject
Project("{FAE04EC0-301F-11D3-BF4B-00C04F79EFBC}") = "Unity.InternalAPIEngineBridge.001", "Unity.InternalAPIEngineBridge.001.csproj", "{19E481D1-F144-4048-9D44-42D4519FC04C}"
EndProject
Project("{FAE04EC0-301F-11D3-BF4B-00C04F79EFBC}") = "Assembly-CSharp", "Assembly-CSharp.csproj", "{961435B8-F725-EB3A-BEF4-8CBBEB1086B3}"
EndProject
Project("{FAE04EC0-301F-11D3-BF4B-00C04F79EFBC}") = "UnityEditor.TestRunner", "UnityEditor.TestRunner.csproj", "{3EAE90F8-5C8C-4F90-C314-4F32B76FEB63}"
EndProject
Project("{FAE04EC0-301F-11D3-BF4B-00C04F79EFBC}") = "Unity.PlasticSCM.Editor", "Unity.PlasticSCM.Editor.csproj", "{50A24C84-8E90-C19A-9CDA-3A13B1959D29}"
EndProject
Project("{FAE04EC0-301F-11D3-BF4B-00C04F79EFBC}") = "UnityEditor.UI", "UnityEditor.UI.csproj", "{393B4697-8696-27EB-D3DD-1540ED546CAE}"
EndProject
Project("{FAE04EC0-301F-11D3-BF4B-00C04F79EFBC}") = "Unity.Timeline.Editor", "Unity.Timeline.Editor.csproj", "{B3CD7F0C-38B9-2A1B-2143-B9B7633EFCD8}"
EndProject
Project("{FAE04EC0-301F-11D3-BF4B-00C04F79EFBC}") = "Unity.VisualStudio.Editor", "Unity.VisualStudio.Editor.csproj", "{82479463-4433-15F4-430E-8DC6D9E05F4B}"
EndProject
Project("{FAE04EC0-301F-11D3-BF4B-00C04F79EFBC}") = "Unity.2D.Psdimporter.Editor", "Unity.2D.Psdimporter.Editor.csproj", "{CE1025BA-D279-553F-0CF7-A75A461F6A73}"
EndProject
Project("{FAE04EC0-301F-11D3-BF4B-00C04F79EFBC}") = "Unity.2D.Animation.Editor", "Unity.2D.Animation.Editor.csproj", "{048E1FB7-08D6-1274-C9B5-137B9438C09D}"
EndProject
Project("{FAE04EC0-301F-11D3-BF4B-00C04F79EFBC}") = "Unity.TextMeshPro.Editor", "Unity.TextMeshPro.Editor.csproj", "{9E7A0AD0-1689-C2B0-5260-0235AEC0D1AB}"
EndProject
Project("{FAE04EC0-301F-11D3-BF4B-00C04F79EFBC}") = "Unity.2D.SpriteShape.Editor", "Unity.2D.SpriteShape.Editor.csproj", "{53E193BF-1632-5257-894A-4444322D0F29}"
EndProject
Project("{FAE04EC0-301F-11D3-BF4B-00C04F79EFBC}") = "Unity.CollabProxy.Editor", "Unity.CollabProxy.Editor.csproj", "{6DA5E046-F8F1-9872-1391-FD42418F4320}"
EndProject
Project("{FAE04EC0-301F-11D3-BF4B-00C04F79EFBC}") = "PsdPlugin", "PsdPlugin.csproj", "{C433101D-44FC-50C5-A5C7-AAE929129870}"
EndProject
Project("{FAE04EC0-301F-11D3-BF4B-00C04F79EFBC}") = "Unity.2D.Path.Editor", "Unity.2D.Path.Editor.csproj", "{0297331E-0379-1B16-A35C-02F3BEDB6BBF}"
EndProject
Project("{FAE04EC0-301F-11D3-BF4B-00C04F79EFBC}") = "Unity.Rider.Editor", "Unity.Rider.Editor.csproj", "{E85CA451-2225-1A11-DF1F-843C5A9918FC}"
EndProject
Project("{FAE04EC0-301F-11D3-BF4B-00C04F79EFBC}") = "Unity.2D.IK.Editor", "Unity.2D.IK.Editor.csproj", "{F9573D83-7639-FE79-9D8B-2D4613B4C0A7}"
EndProject
Project("{FAE04EC0-301F-11D3-BF4B-00C04F79EFBC}") = "Unity.2D.Sprite.Editor", "Unity.2D.Sprite.Editor.csproj", "{05BC829E-1096-7713-6671-715B8DA5A8D6}"
EndProject
Project("{FAE04EC0-301F-11D3-BF4B-00C04F79EFBC}") = "Unity.2D.Tilemap.Editor", "Unity.2D.Tilemap.Editor.csproj", "{FEAF6C58-E4AA-F37D-A370-5C1E830E985A}"
EndProject
Project("{FAE04EC0-301F-11D3-BF4B-00C04F79EFBC}") = "Unity.2D.PixelPerfect.Editor", "Unity.2D.PixelPerfect.Editor.csproj", "{775ED3C4-F0C1-8EEE-9A41-6C0125808503}"
EndProject
Project("{FAE04EC0-301F-11D3-BF4B-00C04F79EFBC}") = "Unity.VSCode.Editor", "Unity.VSCode.Editor.csproj", "{1E74591D-2431-ECF9-0AEE-4E87CC31B9AE}"
EndProject
Project("{FAE04EC0-301F-11D3-BF4B-00C04F79EFBC}") = "Unity.2D.Common.Editor", "Unity.2D.Common.Editor.csproj", "{8D63F407-EE77-EC90-47EE-B21DA00CCE14}"
EndProject
Project("{FAE04EC0-301F-11D3-BF4B-00C04F79EFBC}") = "Unity.Mathematics.Editor", "Unity.Mathematics.Editor.csproj", "{FE8C11F0-422B-9183-6F75-09D456B351DE}"
EndProject
Project("{FAE04EC0-301F-11D3-BF4B-00C04F79EFBC}") = "Unity.InternalAPIEditorBridge.001", "Unity.InternalAPIEditorBridge.001.csproj", "{3F5F7DEB-A5D9-18A5-A08F-348F553AAD9B}"
EndProject
Project("{FAE04EC0-301F-11D3-BF4B-00C04F79EFBC}") = "UnityEngine.TestRunner", "UnityEngine.TestRunner.Player.csproj", "{BBF21F9E-79BE-A9A0-AC48-58CA31A3F456}"
EndProject
Project("{FAE04EC0-301F-11D3-BF4B-00C04F79EFBC}") = "Unity.Mathematics", "Unity.Mathematics.Player.csproj", "{3E760ED3-3085-E7ED-1707-3489F9F54640}"
EndProject
Project("{FAE04EC0-301F-11D3-BF4B-00C04F79EFBC}") = "Unity.2D.Animation.Triangle.Runtime", "Unity.2D.Animation.Triangle.Runtime.Player.csproj", "{4EBFB992-738E-B48F-8789-EF43D46DFC63}"
EndProject
Project("{FAE04EC0-301F-11D3-BF4B-00C04F79EFBC}") = "Unity.Timeline", "Unity.Timeline.Player.csproj", "{A27C1327-82B4-4393-AEA2-63F99236D812}"
EndProject
Project("{FAE04EC0-301F-11D3-BF4B-00C04F79EFBC}") = "UnityEngine.UI", "UnityEngine.UI.Player.csproj", "{11B0B961-E055-F666-948D-8A28C42C6CAD}"
EndProject
Project("{FAE04EC0-301F-11D3-BF4B-00C04F79EFBC}") = "Unity.TextMeshPro", "Unity.TextMeshPro.Player.csproj", "{8EB478BF-0ACF-91F2-8557-76745CBC991D}"
EndProject
Project("{FAE04EC0-301F-11D3-BF4B-00C04F79EFBC}") = "Unity.2D.Animation.Runtime", "Unity.2D.Animation.Runtime.Player.csproj", "{7418692D-8334-6DDD-E5CF-25D5416A150A}"
EndProject
Project("{FAE04EC0-301F-11D3-BF4B-00C04F79EFBC}") = "Unity.2D.IK.Runtime", "Unity.2D.IK.Runtime.Player.csproj", "{B30B58A0-8F81-A275-906A-8154DDD60270}"
EndProject
Project("{FAE04EC0-301F-11D3-BF4B-00C04F79EFBC}") = "Unity.2D.SpriteShape.Runtime", "Unity.2D.SpriteShape.Runtime.Player.csproj", "{32021BE9-25CF-E960-B2AF-9F18B6863219}"
EndProject
Project("{FAE04EC0-301F-11D3-BF4B-00C04F79EFBC}") = "Unity.2D.PixelPerfect", "Unity.2D.PixelPerfect.Player.csproj", "{21EF9D61-C208-0956-6944-2C4EAF69E3BF}"
EndProject
Project("{FAE04EC0-301F-11D3-BF4B-00C04F79EFBC}") = "Unity.2D.Common.Runtime", "Unity.2D.Common.Runtime.Player.csproj", "{E3880090-FB55-4A14-AB60-3F06FAAD95BE}"
EndProject
Project("{FAE04EC0-301F-11D3-BF4B-00C04F79EFBC}") = "Unity.InternalAPIEngineBridge.001", "Unity.InternalAPIEngineBridge.001.Player.csproj", "{D85C9CFE-57F0-F3DD-262E-B362A0AFA4FC}"
EndProject
Project("{FAE04EC0-301F-11D3-BF4B-00C04F79EFBC}") = "Assembly-CSharp", "Assembly-CSharp.Player.csproj", "{BBA372E3-303F-4378-C45C-3A305BA38310}"
EndProject
Global
	GlobalSection(SolutionConfigurationPlatforms) = preSolution
		Debug|Any CPU = Debug|Any CPU
		Release|Any CPU = Release|Any CPU
	EndGlobalSection
	GlobalSection(ProjectConfigurationPlatforms) = postSolution
		{67B2E524-9DBF-E42B-F137-C408B8DC7F40}.Debug|Any CPU.ActiveCfg = Debug|Any CPU
		{67B2E524-9DBF-E42B-F137-C408B8DC7F40}.Debug|Any CPU.Build.0 = Debug|Any CPU
		{67B2E524-9DBF-E42B-F137-C408B8DC7F40}.Release|Any CPU.ActiveCfg = Release|Any CPU
		{67B2E524-9DBF-E42B-F137-C408B8DC7F40}.Release|Any CPU.Build.0 = Release|Any CPU
		{A9201F61-B8DB-1417-922E-E78EC228AB86}.Debug|Any CPU.ActiveCfg = Debug|Any CPU
		{A9201F61-B8DB-1417-922E-E78EC228AB86}.Debug|Any CPU.Build.0 = Debug|Any CPU
		{A9201F61-B8DB-1417-922E-E78EC228AB86}.Release|Any CPU.ActiveCfg = Release|Any CPU
		{A9201F61-B8DB-1417-922E-E78EC228AB86}.Release|Any CPU.Build.0 = Release|Any CPU
		{574B8C51-446E-AB0E-6E8A-333683D3C678}.Debug|Any CPU.ActiveCfg = Debug|Any CPU
		{574B8C51-446E-AB0E-6E8A-333683D3C678}.Debug|Any CPU.Build.0 = Debug|Any CPU
		{574B8C51-446E-AB0E-6E8A-333683D3C678}.Release|Any CPU.ActiveCfg = Release|Any CPU
		{574B8C51-446E-AB0E-6E8A-333683D3C678}.Release|Any CPU.Build.0 = Release|Any CPU
		{9C0DE923-B783-FFBD-2B39-35A892DBCDB3}.Debug|Any CPU.ActiveCfg = Debug|Any CPU
		{9C0DE923-B783-FFBD-2B39-35A892DBCDB3}.Debug|Any CPU.Build.0 = Debug|Any CPU
		{9C0DE923-B783-FFBD-2B39-35A892DBCDB3}.Release|Any CPU.ActiveCfg = Release|Any CPU
		{9C0DE923-B783-FFBD-2B39-35A892DBCDB3}.Release|Any CPU.Build.0 = Release|Any CPU
		{A82608A0-2551-2F0A-DFE6-0856F3FD1FB5}.Debug|Any CPU.ActiveCfg = Debug|Any CPU
		{A82608A0-2551-2F0A-DFE6-0856F3FD1FB5}.Debug|Any CPU.Build.0 = Debug|Any CPU
		{A82608A0-2551-2F0A-DFE6-0856F3FD1FB5}.Release|Any CPU.ActiveCfg = Release|Any CPU
		{A82608A0-2551-2F0A-DFE6-0856F3FD1FB5}.Release|Any CPU.Build.0 = Release|Any CPU
		{91D110D7-545F-84D1-1809-6911C00AC16F}.Debug|Any CPU.ActiveCfg = Debug|Any CPU
		{91D110D7-545F-84D1-1809-6911C00AC16F}.Debug|Any CPU.Build.0 = Debug|Any CPU
		{91D110D7-545F-84D1-1809-6911C00AC16F}.Release|Any CPU.ActiveCfg = Release|Any CPU
		{91D110D7-545F-84D1-1809-6911C00AC16F}.Release|Any CPU.Build.0 = Release|Any CPU
		{32B076E8-B19A-473A-03AB-59BBC31A06A9}.Debug|Any CPU.ActiveCfg = Debug|Any CPU
		{32B076E8-B19A-473A-03AB-59BBC31A06A9}.Debug|Any CPU.Build.0 = Debug|Any CPU
		{32B076E8-B19A-473A-03AB-59BBC31A06A9}.Release|Any CPU.ActiveCfg = Release|Any CPU
		{32B076E8-B19A-473A-03AB-59BBC31A06A9}.Release|Any CPU.Build.0 = Release|Any CPU
		{A8A9882F-8515-18C2-63B0-173F2CFA63D7}.Debug|Any CPU.ActiveCfg = Debug|Any CPU
		{A8A9882F-8515-18C2-63B0-173F2CFA63D7}.Debug|Any CPU.Build.0 = Debug|Any CPU
		{A8A9882F-8515-18C2-63B0-173F2CFA63D7}.Release|Any CPU.ActiveCfg = Release|Any CPU
		{A8A9882F-8515-18C2-63B0-173F2CFA63D7}.Release|Any CPU.Build.0 = Release|Any CPU
		{FB6072B4-81DE-0708-AC06-3B618362CDB5}.Debug|Any CPU.ActiveCfg = Debug|Any CPU
		{FB6072B4-81DE-0708-AC06-3B618362CDB5}.Debug|Any CPU.Build.0 = Debug|Any CPU
		{FB6072B4-81DE-0708-AC06-3B618362CDB5}.Release|Any CPU.ActiveCfg = Release|Any CPU
		{FB6072B4-81DE-0708-AC06-3B618362CDB5}.Release|Any CPU.Build.0 = Release|Any CPU
		{AEA1F1BC-73C8-4A1C-9EBC-C5855CD2A681}.Debug|Any CPU.ActiveCfg = Debug|Any CPU
		{AEA1F1BC-73C8-4A1C-9EBC-C5855CD2A681}.Debug|Any CPU.Build.0 = Debug|Any CPU
		{AEA1F1BC-73C8-4A1C-9EBC-C5855CD2A681}.Release|Any CPU.ActiveCfg = Release|Any CPU
		{AEA1F1BC-73C8-4A1C-9EBC-C5855CD2A681}.Release|Any CPU.Build.0 = Release|Any CPU
		{834690B9-1307-E66C-195C-6A13646EDA29}.Debug|Any CPU.ActiveCfg = Debug|Any CPU
		{834690B9-1307-E66C-195C-6A13646EDA29}.Debug|Any CPU.Build.0 = Debug|Any CPU
		{834690B9-1307-E66C-195C-6A13646EDA29}.Release|Any CPU.ActiveCfg = Release|Any CPU
		{834690B9-1307-E66C-195C-6A13646EDA29}.Release|Any CPU.Build.0 = Release|Any CPU
		{19E481D1-F144-4048-9D44-42D4519FC04C}.Debug|Any CPU.ActiveCfg = Debug|Any CPU
		{19E481D1-F144-4048-9D44-42D4519FC04C}.Debug|Any CPU.Build.0 = Debug|Any CPU
		{19E481D1-F144-4048-9D44-42D4519FC04C}.Release|Any CPU.ActiveCfg = Release|Any CPU
		{19E481D1-F144-4048-9D44-42D4519FC04C}.Release|Any CPU.Build.0 = Release|Any CPU
		{961435B8-F725-EB3A-BEF4-8CBBEB1086B3}.Debug|Any CPU.ActiveCfg = Debug|Any CPU
		{961435B8-F725-EB3A-BEF4-8CBBEB1086B3}.Debug|Any CPU.Build.0 = Debug|Any CPU
		{961435B8-F725-EB3A-BEF4-8CBBEB1086B3}.Release|Any CPU.ActiveCfg = Release|Any CPU
		{961435B8-F725-EB3A-BEF4-8CBBEB1086B3}.Release|Any CPU.Build.0 = Release|Any CPU
		{3EAE90F8-5C8C-4F90-C314-4F32B76FEB63}.Debug|Any CPU.ActiveCfg = Debug|Any CPU
		{3EAE90F8-5C8C-4F90-C314-4F32B76FEB63}.Debug|Any CPU.Build.0 = Debug|Any CPU
		{3EAE90F8-5C8C-4F90-C314-4F32B76FEB63}.Release|Any CPU.ActiveCfg = Release|Any CPU
		{3EAE90F8-5C8C-4F90-C314-4F32B76FEB63}.Release|Any CPU.Build.0 = Release|Any CPU
		{50A24C84-8E90-C19A-9CDA-3A13B1959D29}.Debug|Any CPU.ActiveCfg = Debug|Any CPU
		{50A24C84-8E90-C19A-9CDA-3A13B1959D29}.Debug|Any CPU.Build.0 = Debug|Any CPU
		{50A24C84-8E90-C19A-9CDA-3A13B1959D29}.Release|Any CPU.ActiveCfg = Release|Any CPU
		{50A24C84-8E90-C19A-9CDA-3A13B1959D29}.Release|Any CPU.Build.0 = Release|Any CPU
		{393B4697-8696-27EB-D3DD-1540ED546CAE}.Debug|Any CPU.ActiveCfg = Debug|Any CPU
		{393B4697-8696-27EB-D3DD-1540ED546CAE}.Debug|Any CPU.Build.0 = Debug|Any CPU
		{393B4697-8696-27EB-D3DD-1540ED546CAE}.Release|Any CPU.ActiveCfg = Release|Any CPU
		{393B4697-8696-27EB-D3DD-1540ED546CAE}.Release|Any CPU.Build.0 = Release|Any CPU
		{B3CD7F0C-38B9-2A1B-2143-B9B7633EFCD8}.Debug|Any CPU.ActiveCfg = Debug|Any CPU
		{B3CD7F0C-38B9-2A1B-2143-B9B7633EFCD8}.Debug|Any CPU.Build.0 = Debug|Any CPU
		{B3CD7F0C-38B9-2A1B-2143-B9B7633EFCD8}.Release|Any CPU.ActiveCfg = Release|Any CPU
		{B3CD7F0C-38B9-2A1B-2143-B9B7633EFCD8}.Release|Any CPU.Build.0 = Release|Any CPU
		{82479463-4433-15F4-430E-8DC6D9E05F4B}.Debug|Any CPU.ActiveCfg = Debug|Any CPU
		{82479463-4433-15F4-430E-8DC6D9E05F4B}.Debug|Any CPU.Build.0 = Debug|Any CPU
		{82479463-4433-15F4-430E-8DC6D9E05F4B}.Release|Any CPU.ActiveCfg = Release|Any CPU
		{82479463-4433-15F4-430E-8DC6D9E05F4B}.Release|Any CPU.Build.0 = Release|Any CPU
		{CE1025BA-D279-553F-0CF7-A75A461F6A73}.Debug|Any CPU.ActiveCfg = Debug|Any CPU
		{CE1025BA-D279-553F-0CF7-A75A461F6A73}.Debug|Any CPU.Build.0 = Debug|Any CPU
		{CE1025BA-D279-553F-0CF7-A75A461F6A73}.Release|Any CPU.ActiveCfg = Release|Any CPU
		{CE1025BA-D279-553F-0CF7-A75A461F6A73}.Release|Any CPU.Build.0 = Release|Any CPU
		{048E1FB7-08D6-1274-C9B5-137B9438C09D}.Debug|Any CPU.ActiveCfg = Debug|Any CPU
		{048E1FB7-08D6-1274-C9B5-137B9438C09D}.Debug|Any CPU.Build.0 = Debug|Any CPU
		{048E1FB7-08D6-1274-C9B5-137B9438C09D}.Release|Any CPU.ActiveCfg = Release|Any CPU
		{048E1FB7-08D6-1274-C9B5-137B9438C09D}.Release|Any CPU.Build.0 = Release|Any CPU
		{9E7A0AD0-1689-C2B0-5260-0235AEC0D1AB}.Debug|Any CPU.ActiveCfg = Debug|Any CPU
		{9E7A0AD0-1689-C2B0-5260-0235AEC0D1AB}.Debug|Any CPU.Build.0 = Debug|Any CPU
		{9E7A0AD0-1689-C2B0-5260-0235AEC0D1AB}.Release|Any CPU.ActiveCfg = Release|Any CPU
		{9E7A0AD0-1689-C2B0-5260-0235AEC0D1AB}.Release|Any CPU.Build.0 = Release|Any CPU
		{53E193BF-1632-5257-894A-4444322D0F29}.Debug|Any CPU.ActiveCfg = Debug|Any CPU
		{53E193BF-1632-5257-894A-4444322D0F29}.Debug|Any CPU.Build.0 = Debug|Any CPU
		{53E193BF-1632-5257-894A-4444322D0F29}.Release|Any CPU.ActiveCfg = Release|Any CPU
		{53E193BF-1632-5257-894A-4444322D0F29}.Release|Any CPU.Build.0 = Release|Any CPU
		{6DA5E046-F8F1-9872-1391-FD42418F4320}.Debug|Any CPU.ActiveCfg = Debug|Any CPU
		{6DA5E046-F8F1-9872-1391-FD42418F4320}.Debug|Any CPU.Build.0 = Debug|Any CPU
		{6DA5E046-F8F1-9872-1391-FD42418F4320}.Release|Any CPU.ActiveCfg = Release|Any CPU
		{6DA5E046-F8F1-9872-1391-FD42418F4320}.Release|Any CPU.Build.0 = Release|Any CPU
		{C433101D-44FC-50C5-A5C7-AAE929129870}.Debug|Any CPU.ActiveCfg = Debug|Any CPU
		{C433101D-44FC-50C5-A5C7-AAE929129870}.Debug|Any CPU.Build.0 = Debug|Any CPU
		{C433101D-44FC-50C5-A5C7-AAE929129870}.Release|Any CPU.ActiveCfg = Release|Any CPU
		{C433101D-44FC-50C5-A5C7-AAE929129870}.Release|Any CPU.Build.0 = Release|Any CPU
		{0297331E-0379-1B16-A35C-02F3BEDB6BBF}.Debug|Any CPU.ActiveCfg = Debug|Any CPU
		{0297331E-0379-1B16-A35C-02F3BEDB6BBF}.Debug|Any CPU.Build.0 = Debug|Any CPU
		{0297331E-0379-1B16-A35C-02F3BEDB6BBF}.Release|Any CPU.ActiveCfg = Release|Any CPU
		{0297331E-0379-1B16-A35C-02F3BEDB6BBF}.Release|Any CPU.Build.0 = Release|Any CPU
		{E85CA451-2225-1A11-DF1F-843C5A9918FC}.Debug|Any CPU.ActiveCfg = Debug|Any CPU
		{E85CA451-2225-1A11-DF1F-843C5A9918FC}.Debug|Any CPU.Build.0 = Debug|Any CPU
		{E85CA451-2225-1A11-DF1F-843C5A9918FC}.Release|Any CPU.ActiveCfg = Release|Any CPU
		{E85CA451-2225-1A11-DF1F-843C5A9918FC}.Release|Any CPU.Build.0 = Release|Any CPU
		{F9573D83-7639-FE79-9D8B-2D4613B4C0A7}.Debug|Any CPU.ActiveCfg = Debug|Any CPU
		{F9573D83-7639-FE79-9D8B-2D4613B4C0A7}.Debug|Any CPU.Build.0 = Debug|Any CPU
		{F9573D83-7639-FE79-9D8B-2D4613B4C0A7}.Release|Any CPU.ActiveCfg = Release|Any CPU
		{F9573D83-7639-FE79-9D8B-2D4613B4C0A7}.Release|Any CPU.Build.0 = Release|Any CPU
		{05BC829E-1096-7713-6671-715B8DA5A8D6}.Debug|Any CPU.ActiveCfg = Debug|Any CPU
		{05BC829E-1096-7713-6671-715B8DA5A8D6}.Debug|Any CPU.Build.0 = Debug|Any CPU
		{05BC829E-1096-7713-6671-715B8DA5A8D6}.Release|Any CPU.ActiveCfg = Release|Any CPU
		{05BC829E-1096-7713-6671-715B8DA5A8D6}.Release|Any CPU.Build.0 = Release|Any CPU
		{FEAF6C58-E4AA-F37D-A370-5C1E830E985A}.Debug|Any CPU.ActiveCfg = Debug|Any CPU
		{FEAF6C58-E4AA-F37D-A370-5C1E830E985A}.Debug|Any CPU.Build.0 = Debug|Any CPU
		{FEAF6C58-E4AA-F37D-A370-5C1E830E985A}.Release|Any CPU.ActiveCfg = Release|Any CPU
		{FEAF6C58-E4AA-F37D-A370-5C1E830E985A}.Release|Any CPU.Build.0 = Release|Any CPU
		{775ED3C4-F0C1-8EEE-9A41-6C0125808503}.Debug|Any CPU.ActiveCfg = Debug|Any CPU
		{775ED3C4-F0C1-8EEE-9A41-6C0125808503}.Debug|Any CPU.Build.0 = Debug|Any CPU
		{775ED3C4-F0C1-8EEE-9A41-6C0125808503}.Release|Any CPU.ActiveCfg = Release|Any CPU
		{775ED3C4-F0C1-8EEE-9A41-6C0125808503}.Release|Any CPU.Build.0 = Release|Any CPU
		{1E74591D-2431-ECF9-0AEE-4E87CC31B9AE}.Debug|Any CPU.ActiveCfg = Debug|Any CPU
		{1E74591D-2431-ECF9-0AEE-4E87CC31B9AE}.Debug|Any CPU.Build.0 = Debug|Any CPU
		{1E74591D-2431-ECF9-0AEE-4E87CC31B9AE}.Release|Any CPU.ActiveCfg = Release|Any CPU
		{1E74591D-2431-ECF9-0AEE-4E87CC31B9AE}.Release|Any CPU.Build.0 = Release|Any CPU
		{8D63F407-EE77-EC90-47EE-B21DA00CCE14}.Debug|Any CPU.ActiveCfg = Debug|Any CPU
		{8D63F407-EE77-EC90-47EE-B21DA00CCE14}.Debug|Any CPU.Build.0 = Debug|Any CPU
		{8D63F407-EE77-EC90-47EE-B21DA00CCE14}.Release|Any CPU.ActiveCfg = Release|Any CPU
		{8D63F407-EE77-EC90-47EE-B21DA00CCE14}.Release|Any CPU.Build.0 = Release|Any CPU
		{FE8C11F0-422B-9183-6F75-09D456B351DE}.Debug|Any CPU.ActiveCfg = Debug|Any CPU
		{FE8C11F0-422B-9183-6F75-09D456B351DE}.Debug|Any CPU.Build.0 = Debug|Any CPU
		{FE8C11F0-422B-9183-6F75-09D456B351DE}.Release|Any CPU.ActiveCfg = Release|Any CPU
		{FE8C11F0-422B-9183-6F75-09D456B351DE}.Release|Any CPU.Build.0 = Release|Any CPU
		{3F5F7DEB-A5D9-18A5-A08F-348F553AAD9B}.Debug|Any CPU.ActiveCfg = Debug|Any CPU
		{3F5F7DEB-A5D9-18A5-A08F-348F553AAD9B}.Debug|Any CPU.Build.0 = Debug|Any CPU
		{3F5F7DEB-A5D9-18A5-A08F-348F553AAD9B}.Release|Any CPU.ActiveCfg = Release|Any CPU
		{3F5F7DEB-A5D9-18A5-A08F-348F553AAD9B}.Release|Any CPU.Build.0 = Release|Any CPU
		{BBF21F9E-79BE-A9A0-AC48-58CA31A3F456}.Debug|Any CPU.ActiveCfg = Debug|Any CPU
		{BBF21F9E-79BE-A9A0-AC48-58CA31A3F456}.Debug|Any CPU.Build.0 = Debug|Any CPU
		{BBF21F9E-79BE-A9A0-AC48-58CA31A3F456}.Release|Any CPU.ActiveCfg = Release|Any CPU
		{BBF21F9E-79BE-A9A0-AC48-58CA31A3F456}.Release|Any CPU.Build.0 = Release|Any CPU
		{3E760ED3-3085-E7ED-1707-3489F9F54640}.Debug|Any CPU.ActiveCfg = Debug|Any CPU
		{3E760ED3-3085-E7ED-1707-3489F9F54640}.Debug|Any CPU.Build.0 = Debug|Any CPU
		{3E760ED3-3085-E7ED-1707-3489F9F54640}.Release|Any CPU.ActiveCfg = Release|Any CPU
		{3E760ED3-3085-E7ED-1707-3489F9F54640}.Release|Any CPU.Build.0 = Release|Any CPU
		{4EBFB992-738E-B48F-8789-EF43D46DFC63}.Debug|Any CPU.ActiveCfg = Debug|Any CPU
		{4EBFB992-738E-B48F-8789-EF43D46DFC63}.Debug|Any CPU.Build.0 = Debug|Any CPU
		{4EBFB992-738E-B48F-8789-EF43D46DFC63}.Release|Any CPU.ActiveCfg = Release|Any CPU
		{4EBFB992-738E-B48F-8789-EF43D46DFC63}.Release|Any CPU.Build.0 = Release|Any CPU
		{A27C1327-82B4-4393-AEA2-63F99236D812}.Debug|Any CPU.ActiveCfg = Debug|Any CPU
		{A27C1327-82B4-4393-AEA2-63F99236D812}.Debug|Any CPU.Build.0 = Debug|Any CPU
		{A27C1327-82B4-4393-AEA2-63F99236D812}.Release|Any CPU.ActiveCfg = Release|Any CPU
		{A27C1327-82B4-4393-AEA2-63F99236D812}.Release|Any CPU.Build.0 = Release|Any CPU
		{11B0B961-E055-F666-948D-8A28C42C6CAD}.Debug|Any CPU.ActiveCfg = Debug|Any CPU
		{11B0B961-E055-F666-948D-8A28C42C6CAD}.Debug|Any CPU.Build.0 = Debug|Any CPU
		{11B0B961-E055-F666-948D-8A28C42C6CAD}.Release|Any CPU.ActiveCfg = Release|Any CPU
		{11B0B961-E055-F666-948D-8A28C42C6CAD}.Release|Any CPU.Build.0 = Release|Any CPU
		{8EB478BF-0ACF-91F2-8557-76745CBC991D}.Debug|Any CPU.ActiveCfg = Debug|Any CPU
		{8EB478BF-0ACF-91F2-8557-76745CBC991D}.Debug|Any CPU.Build.0 = Debug|Any CPU
		{8EB478BF-0ACF-91F2-8557-76745CBC991D}.Release|Any CPU.ActiveCfg = Release|Any CPU
		{8EB478BF-0ACF-91F2-8557-76745CBC991D}.Release|Any CPU.Build.0 = Release|Any CPU
		{7418692D-8334-6DDD-E5CF-25D5416A150A}.Debug|Any CPU.ActiveCfg = Debug|Any CPU
		{7418692D-8334-6DDD-E5CF-25D5416A150A}.Debug|Any CPU.Build.0 = Debug|Any CPU
		{7418692D-8334-6DDD-E5CF-25D5416A150A}.Release|Any CPU.ActiveCfg = Release|Any CPU
		{7418692D-8334-6DDD-E5CF-25D5416A150A}.Release|Any CPU.Build.0 = Release|Any CPU
		{B30B58A0-8F81-A275-906A-8154DDD60270}.Debug|Any CPU.ActiveCfg = Debug|Any CPU
		{B30B58A0-8F81-A275-906A-8154DDD60270}.Debug|Any CPU.Build.0 = Debug|Any CPU
		{B30B58A0-8F81-A275-906A-8154DDD60270}.Release|Any CPU.ActiveCfg = Release|Any CPU
		{B30B58A0-8F81-A275-906A-8154DDD60270}.Release|Any CPU.Build.0 = Release|Any CPU
		{32021BE9-25CF-E960-B2AF-9F18B6863219}.Debug|Any CPU.ActiveCfg = Debug|Any CPU
		{32021BE9-25CF-E960-B2AF-9F18B6863219}.Debug|Any CPU.Build.0 = Debug|Any CPU
		{32021BE9-25CF-E960-B2AF-9F18B6863219}.Release|Any CPU.ActiveCfg = Release|Any CPU
		{32021BE9-25CF-E960-B2AF-9F18B6863219}.Release|Any CPU.Build.0 = Release|Any CPU
		{21EF9D61-C208-0956-6944-2C4EAF69E3BF}.Debug|Any CPU.ActiveCfg = Debug|Any CPU
		{21EF9D61-C208-0956-6944-2C4EAF69E3BF}.Debug|Any CPU.Build.0 = Debug|Any CPU
		{21EF9D61-C208-0956-6944-2C4EAF69E3BF}.Release|Any CPU.ActiveCfg = Release|Any CPU
		{21EF9D61-C208-0956-6944-2C4EAF69E3BF}.Release|Any CPU.Build.0 = Release|Any CPU
		{E3880090-FB55-4A14-AB60-3F06FAAD95BE}.Debug|Any CPU.ActiveCfg = Debug|Any CPU
		{E3880090-FB55-4A14-AB60-3F06FAAD95BE}.Debug|Any CPU.Build.0 = Debug|Any CPU
		{E3880090-FB55-4A14-AB60-3F06FAAD95BE}.Release|Any CPU.ActiveCfg = Release|Any CPU
		{E3880090-FB55-4A14-AB60-3F06FAAD95BE}.Release|Any CPU.Build.0 = Release|Any CPU
		{D85C9CFE-57F0-F3DD-262E-B362A0AFA4FC}.Debug|Any CPU.ActiveCfg = Debug|Any CPU
		{D85C9CFE-57F0-F3DD-262E-B362A0AFA4FC}.Debug|Any CPU.Build.0 = Debug|Any CPU
		{D85C9CFE-57F0-F3DD-262E-B362A0AFA4FC}.Release|Any CPU.ActiveCfg = Release|Any CPU
		{D85C9CFE-57F0-F3DD-262E-B362A0AFA4FC}.Release|Any CPU.Build.0 = Release|Any CPU
		{BBA372E3-303F-4378-C45C-3A305BA38310}.Debug|Any CPU.ActiveCfg = Debug|Any CPU
		{BBA372E3-303F-4378-C45C-3A305BA38310}.Debug|Any CPU.Build.0 = Debug|Any CPU
		{BBA372E3-303F-4378-C45C-3A305BA38310}.Release|Any CPU.ActiveCfg = Release|Any CPU
		{BBA372E3-303F-4378-C45C-3A305BA38310}.Release|Any CPU.Build.0 = Release|Any CPU
	EndGlobalSection
	GlobalSection(SolutionProperties) = preSolution
		HideSolutionNode = FALSE
	EndGlobalSection
EndGlobal
